{
  "name": "ulka-remarkable-header-anchors",
  "version": "1.0.0",
  "lockfileVersion": 1,
  "requires": true,
  "dependencies": {
    "slugify": {
      "version": "1.4.5",
      "resolved": "https://registry.npmjs.org/slugify/-/slugify-1.4.5.tgz",
      "integrity": "sha512-WpECLAgYaxHoEAJ8Q1Lo8HOs1ngn7LN7QjXgOLbmmfkcWvosyk4ZTXkTzKyhngK640USTZUlgoQJfED1kz5fnQ=="
    }
  }
}
